
Microsoft Visual Studio Solution File, Format Version 12.00
# Visual Studio Version 17
VisualStudioVersion = 17.2.32616.157
MinimumVisualStudioVersion = 10.0.40219.1
Project("{FAE04EC0-301F-11D3-BF4B-00C04F79EFBC}") = "IPL_Prod", "IPL_Prod.csproj", "{43472529-C64C-4739-9568-0334980EBFDB}"
EndProject
Global
	GlobalSection(SolutionConfigurationPlatforms) = preSolution
		Debug|Any CPU = Debug|Any CPU
		Release|Any CPU = Release|Any CPU
	EndGlobalSection
	GlobalSection(ProjectConfigurationPlatforms) = postSolution
		{43472529-C64C-4739-9568-0334980EBFDB}.Debug|Any CPU.ActiveCfg = Debug|Any CPU
		{43472529-C64C-4739-9568-0334980EBFDB}.Debug|Any CPU.Build.0 = Debug|Any CPU
		{43472529-C64C-4739-9568-0334980EBFDB}.Release|Any CPU.ActiveCfg = Release|Any CPU
		{43472529-C64C-4739-9568-0334980EBFDB}.Release|Any CPU.Build.0 = Release|Any CPU
	EndGlobalSection
	GlobalSection(SolutionProperties) = preSolution
		HideSolutionNode = FALSE
	EndGlobalSection
	GlobalSection(ExtensibilityGlobals) = postSolution
		SolutionGuid = {4F3462F1-0200-4CDA-A034-1FF8D1C052F4}
	EndGlobalSection
EndGlobal
